# This file was autogenerated by Stack.
# You should not edit this file by hand.
# For more information, please see the documentation at:
#   https://docs.haskellstack.org/en/stable/lock_files

packages:
- completed:
    hackage: tasty-quickcheck-laws-0.0.1@sha256:2e35fedbf3a3addabacbd388189640ae43cc547ee49a5985d9f8c1eee3fa6313,1977
    pantry-tree:
      size: 1271
      sha256: 44f4213691e435fd2b1892424b2c8cacde5b490d30b6fa3a535b51911a7c979c
  original:
    hackage: tasty-quickcheck-laws-0.0.1
snapshots:
- completed:
    size: 618740
    url: https://raw.githubusercontent.com/commercialhaskell/stackage-snapshots/master/lts/19/13.yaml
    sha256: ef98d70e4018bf01feb00ccdcd33ab26d056dbb71b38057c78fdd0d1ec671c85
  original: lts-19.13
